{
  "name": "Dannjs-Pokemon",
  "version": "1.0.0",
  "lockfileVersion": 1,
  "requires": true,
  "dependencies": {
    "dannjs": {
      "version": "2.2.11",
      "resolved": "https://registry.npmjs.org/dannjs/-/dannjs-2.2.11.tgz",
      "integrity": "sha512-CC9wJnlzbjDyPnc7Dc11MrOjOcV4TxgPR69kM81IkTWG4vGe5wfsoOtnlXxgGOIC9i021NBRR0Ov5bAz6marnA=="
    },
    "fs": {
      "version": "0.0.1-security",
      "resolved": "https://registry.npmjs.org/fs/-/fs-0.0.1-security.tgz",
      "integrity": "sha1-invTcYa23d84E/I4WLV+yq9eQdQ="
    }
  }
}
